
Microsoft Visual Studio Solution File, Format Version 12.00
# Visual Studio 15
VisualStudioVersion = 15.0.28307.168
MinimumVisualStudioVersion = 10.0.40219.1
Project("{FAE04EC0-301F-11D3-BF4B-00C04F79EFBC}") = "ByteBank.SistemaAgencia", "ByteBank.SistemaAgencia\ByteBank.SistemaAgencia.csproj", "{BBE0F658-F67D-4A78-91E6-7DFDCBE0523B}"
EndProject
Global
	GlobalSection(SolutionConfigurationPlatforms) = preSolution
		Debug|Any CPU = Debug|Any CPU
		Release|Any CPU = Release|Any CPU
	EndGlobalSection
	GlobalSection(ProjectConfigurationPlatforms) = postSolution
		{BBE0F658-F67D-4A78-91E6-7DFDCBE0523B}.Debug|Any CPU.ActiveCfg = Debug|Any CPU
		{BBE0F658-F67D-4A78-91E6-7DFDCBE0523B}.Debug|Any CPU.Build.0 = Debug|Any CPU
		{BBE0F658-F67D-4A78-91E6-7DFDCBE0523B}.Release|Any CPU.ActiveCfg = Release|Any CPU
		{BBE0F658-F67D-4A78-91E6-7DFDCBE0523B}.Release|Any CPU.Build.0 = Release|Any CPU
	EndGlobalSection
	GlobalSection(SolutionProperties) = preSolution
		HideSolutionNode = FALSE
	EndGlobalSection
	GlobalSection(ExtensibilityGlobals) = postSolution
		SolutionGuid = {579C9C83-E08C-42EB-AB80-AFE10DF84F8D}
	EndGlobalSection
EndGlobal
